github.com/davecgh/go-spew v1.1.1 h1:vj9j/u1bqnvCEfJOwUhtlOARqs3+rkHYY13jYWTU97c=
github.com/davecgh/go-spew v1.1.1/go.mod h1:J7Y8YcW2NihsgmVo/mv3lAwl/skON4iLHjSsI+c5H38=
github.com/golang-infrastructure/go-compare-anything v0.0.2-0.20230108071748-35501d697475 h1:uzE5mG0WVAfjwRyZdO8ccVXIxC53JC+t+TthU8Vd4bs=
github.com/golang-infrastructure/go-compare-anything v0.0.2-0.20230108071748-35501d697475/go.mod h1:CtyKakUDiX9wgDm6OXrN9K9NnBa6GuwG880fexW9YMs=
github.com/golang-infrastructure/go-gtypes v0.0.1 h1:hnM1OYSwLPLGkZ4C6ecAxgmAUaPTjnhnUtRNmJj4p6c=
github.com/golang-infrastructure/go-gtypes v0.0.1/go.mod h1:vFMCxFzxdMInvTtgLZRlWI1rS+mui88sMbL5I+zu1hg=
github.com/golang-infrastructure/go-reflect-utils v0.0.0-20221130143747-965ef2eb09c3 h1:jJ7AdpNdLQudsx1hiXY9iwmauHARV4/UB52KnBh9Se0=
github.com/golang-infrastructure/go-reflect-utils v0.0.0-20221130143747-965ef2eb09c3/go.mod h1:zqXYxqOBa1mL2ilBK6PuH/Wb/Iego7en6XhiKWdZQHI=
github.com/golang-infrastructure/go-shuffle v0.0.2 h1:48d6qX3fYDUyTSMnz04lZpa4V6d4X1KZBj+F0FQYMqg=
github.com/golang-infrastructure/go-shuffle v0.0.2/go.mod h1:3pIMlyD2gIZClLg4dPz/pQrWTyPe9RcTS662NsCxsmE=
github.com/golang-infrastructure/go-tuple v0.0.0-20221215155811-4ed54fe7d579 h1:pQV2/ichhyLoR3aJSNXByuxtdPM2y229Rq5x9DGl5OU=
github.com/golang-infrastructure/go-tuple v0.0.0-20221215155811-4ed54fe7d579/go.mod h1:cn8fHK0Sjxh7nSrnNpRa9wi1wIsmBLsjOip4LTjQz+Q=
github.com/pmezard/go-difflib v1.0.0 h1:4DBwDE0NGyQoBHbLQYPwSUPoCMWR5BEzIk/f1lZbAQM=
github.com/pmezard/go-difflib v1.0.0/go.mod h1:iKH77koFhYxTK1pcRnkKkqfTogsbg7gZNVY4sRDYZ/4=
github.com/scagogogo/versions-skills v0.0.0-20250415090233-6b77a610ff11 h1:z4WTraIUpkrMHpcc4kQ/EHzkrqwArgV8zpd7VrAzO6M=
github.com/scagogogo/versions-skills v0.0.0-20250415090233-6b77a610ff11/go.mod h1:lcOJYJKz5nKTq+Y8pxo3SSqXALlpLTZW8J2p2N4f8RA=
github.com/stretchr/testify v1.8.2 h1:+h33VjcLVPDHtOdpUCuF+7gSuG3yGIftsP1YvFihtJ8=
github.com/stretchr/testify v1.8.2/go.mod h1:w2LPCIKwWwSfY2zedu0+kehJoqGctiVI29o6fzry7u4=
gopkg.in/yaml.v3 v3.0.1 h1:fxVm/GzAzEWqLHuvctI91KS9hhNmmWOoWu0XTYJS7CA=
gopkg.in/yaml.v3 v3.0.1/go.mod h1:K4uyk7z7BCEPqu6E+C64Yfv1cQ7kz7rIZviUmN+EgEM=
